
Microsoft Visual Studio Solution File, Format Version 12.00
# Visual Studio Version 16
VisualStudioVersion = 16.0.29911.84
MinimumVisualStudioVersion = 10.0.40219.1
Project("{FAE04EC0-301F-11D3-BF4B-00C04F79EFBC}") = "Tutorial2", "Tutorial2\Tutorial2.csproj", "{A30E026B-47FD-455D-9148-DBCBD560D0A9}"
EndProject
Global
	GlobalSection(SolutionConfigurationPlatforms) = preSolution
		Debug|Any CPU = Debug|Any CPU
		Release|Any CPU = Release|Any CPU
	EndGlobalSection
	GlobalSection(ProjectConfigurationPlatforms) = postSolution
		{A30E026B-47FD-455D-9148-DBCBD560D0A9}.Debug|Any CPU.ActiveCfg = Debug|Any CPU
		{A30E026B-47FD-455D-9148-DBCBD560D0A9}.Debug|Any CPU.Build.0 = Debug|Any CPU
		{A30E026B-47FD-455D-9148-DBCBD560D0A9}.Release|Any CPU.ActiveCfg = Release|Any CPU
		{A30E026B-47FD-455D-9148-DBCBD560D0A9}.Release|Any CPU.Build.0 = Release|Any CPU
	EndGlobalSection
	GlobalSection(SolutionProperties) = preSolution
		HideSolutionNode = FALSE
	EndGlobalSection
	GlobalSection(ExtensibilityGlobals) = postSolution
		SolutionGuid = {11DFF2AD-ED03-459B-A24D-2840DE15EDE0}
	EndGlobalSection
EndGlobal
